
Microsoft Visual Studio Solution File, Format Version 12.00
# Visual Studio Version 17
VisualStudioVersion = 17.0.31903.59
MinimumVisualStudioVersion = 10.0.40219.1
Project("{2150E333-8FDC-42A3-9474-1A3956D46DE8}") = "src", "src", "{827E0CD3-B72D-47B6-A68D-7590B98EB39B}"
EndProject
Project("{FAE04EC0-301F-11D3-BF4B-00C04F79EFBC}") = "TCPA.Core", "src\TCPA.Core\TCPA.Core.csproj", "{AE612F4B-88D6-4E5D-99EF-D9654F6953D8}"
EndProject
Project("{FAE04EC0-301F-11D3-BF4B-00C04F79EFBC}") = "TCPA.Api", "src\TCPA.Api\TCPA.Api.csproj", "{CD86E625-0C05-4F64-9147-E39BF4CDE74A}"
EndProject
Project("{FAE04EC0-301F-11D3-BF4B-00C04F79EFBC}") = "TCPA.MessageProcessor", "src\TCPA.MessageProcessor\TCPA.MessageProcessor.csproj", "{5B5A8701-DD36-4F40-909D-8A7DD1AFB7B3}"
EndProject
Project("{FAE04EC0-301F-11D3-BF4B-00C04F79EFBC}") = "TCPA.OutboundDispatcher", "src\TCPA.OutboundDispatcher\TCPA.OutboundDispatcher.csproj", "{9A31372D-8455-49E6-A673-633787C7A9F0}"
EndProject
Project("{FAE04EC0-301F-11D3-BF4B-00C04F79EFBC}") = "TCPA.ReportService", "src\TCPA.ReportService\TCPA.ReportService.csproj", "{FC30E1EB-AA43-475E-8C86-918CA7FBCBF8}"
EndProject
Project("{2150E333-8FDC-42A3-9474-1A3956D46DE8}") = "tests", "tests", "{0AB3BF05-4346-4AA6-1389-037BE0695223}"
EndProject
Project("{FAE04EC0-301F-11D3-BF4B-00C04F79EFBC}") = "TCPA.Core.Tests", "tests\TCPA.Core.Tests\TCPA.Core.Tests.csproj", "{9A13BB99-0300-448F-9DC0-63CF705BD224}"
EndProject
Project("{FAE04EC0-301F-11D3-BF4B-00C04F79EFBC}") = "TCPA.Api.Tests", "tests\TCPA.Api.Tests\TCPA.Api.Tests.csproj", "{24CD7AAD-B422-4E72-BA6B-CDA2A674AAF4}"
EndProject
Project("{FAE04EC0-301F-11D3-BF4B-00C04F79EFBC}") = "TCPA.MessageProcessor.Tests", "tests\TCPA.MessageProcessor.Tests\TCPA.MessageProcessor.Tests.csproj", "{15DE0BB5-C431-4591-B070-08F6105456F3}"
EndProject
Project("{FAE04EC0-301F-11D3-BF4B-00C04F79EFBC}") = "TCPA.OutboundDispatcher.Tests", "tests\TCPA.OutboundDispatcher.Tests\TCPA.OutboundDispatcher.Tests.csproj", "{DC25B4A4-E573-4CE8-8557-A4CAFF0DC366}"
EndProject
Project("{FAE04EC0-301F-11D3-BF4B-00C04F79EFBC}") = "TCPA.ReportService.Tests", "tests\TCPA.ReportService.Tests\TCPA.ReportService.Tests.csproj", "{0FE715E6-4FA8-426B-99D8-9B398A8EA779}"
EndProject
Global
	GlobalSection(SolutionConfigurationPlatforms) = preSolution
		Debug|Any CPU = Debug|Any CPU
		Debug|x64 = Debug|x64
		Debug|x86 = Debug|x86
		Release|Any CPU = Release|Any CPU
		Release|x64 = Release|x64
		Release|x86 = Release|x86
	EndGlobalSection
	GlobalSection(ProjectConfigurationPlatforms) = postSolution
		{AE612F4B-88D6-4E5D-99EF-D9654F6953D8}.Debug|Any CPU.ActiveCfg = Debug|Any CPU
		{AE612F4B-88D6-4E5D-99EF-D9654F6953D8}.Debug|Any CPU.Build.0 = Debug|Any CPU
		{AE612F4B-88D6-4E5D-99EF-D9654F6953D8}.Debug|x64.ActiveCfg = Debug|Any CPU
		{AE612F4B-88D6-4E5D-99EF-D9654F6953D8}.Debug|x64.Build.0 = Debug|Any CPU
		{AE612F4B-88D6-4E5D-99EF-D9654F6953D8}.Debug|x86.ActiveCfg = Debug|Any CPU
		{AE612F4B-88D6-4E5D-99EF-D9654F6953D8}.Debug|x86.Build.0 = Debug|Any CPU
		{AE612F4B-88D6-4E5D-99EF-D9654F6953D8}.Release|Any CPU.ActiveCfg = Release|Any CPU
		{AE612F4B-88D6-4E5D-99EF-D9654F6953D8}.Release|Any CPU.Build.0 = Release|Any CPU
		{AE612F4B-88D6-4E5D-99EF-D9654F6953D8}.Release|x64.ActiveCfg = Release|Any CPU
		{AE612F4B-88D6-4E5D-99EF-D9654F6953D8}.Release|x64.Build.0 = Release|Any CPU
		{AE612F4B-88D6-4E5D-99EF-D9654F6953D8}.Release|x86.ActiveCfg = Release|Any CPU
		{AE612F4B-88D6-4E5D-99EF-D9654F6953D8}.Release|x86.Build.0 = Release|Any CPU
		{CD86E625-0C05-4F64-9147-E39BF4CDE74A}.Debug|Any CPU.ActiveCfg = Debug|Any CPU
		{CD86E625-0C05-4F64-9147-E39BF4CDE74A}.Debug|Any CPU.Build.0 = Debug|Any CPU
		{CD86E625-0C05-4F64-9147-E39BF4CDE74A}.Debug|x64.ActiveCfg = Debug|Any CPU
		{CD86E625-0C05-4F64-9147-E39BF4CDE74A}.Debug|x64.Build.0 = Debug|Any CPU
		{CD86E625-0C05-4F64-9147-E39BF4CDE74A}.Debug|x86.ActiveCfg = Debug|Any CPU
		{CD86E625-0C05-4F64-9147-E39BF4CDE74A}.Debug|x86.Build.0 = Debug|Any CPU
		{CD86E625-0C05-4F64-9147-E39BF4CDE74A}.Release|Any CPU.ActiveCfg = Release|Any CPU
		{CD86E625-0C05-4F64-9147-E39BF4CDE74A}.Release|Any CPU.Build.0 = Release|Any CPU
		{CD86E625-0C05-4F64-9147-E39BF4CDE74A}.Release|x64.ActiveCfg = Release|Any CPU
		{CD86E625-0C05-4F64-9147-E39BF4CDE74A}.Release|x64.Build.0 = Release|Any CPU
		{CD86E625-0C05-4F64-9147-E39BF4CDE74A}.Release|x86.ActiveCfg = Release|Any CPU
		{CD86E625-0C05-4F64-9147-E39BF4CDE74A}.Release|x86.Build.0 = Release|Any CPU
		{5B5A8701-DD36-4F40-909D-8A7DD1AFB7B3}.Debug|Any CPU.ActiveCfg = Debug|Any CPU
		{5B5A8701-DD36-4F40-909D-8A7DD1AFB7B3}.Debug|Any CPU.Build.0 = Debug|Any CPU
		{5B5A8701-DD36-4F40-909D-8A7DD1AFB7B3}.Debug|x64.ActiveCfg = Debug|Any CPU
		{5B5A8701-DD36-4F40-909D-8A7DD1AFB7B3}.Debug|x64.Build.0 = Debug|Any CPU
		{5B5A8701-DD36-4F40-909D-8A7DD1AFB7B3}.Debug|x86.ActiveCfg = Debug|Any CPU
		{5B5A8701-DD36-4F40-909D-8A7DD1AFB7B3}.Debug|x86.Build.0 = Debug|Any CPU
		{5B5A8701-DD36-4F40-909D-8A7DD1AFB7B3}.Release|Any CPU.ActiveCfg = Release|Any CPU
		{5B5A8701-DD36-4F40-909D-8A7DD1AFB7B3}.Release|Any CPU.Build.0 = Release|Any CPU
		{5B5A8701-DD36-4F40-909D-8A7DD1AFB7B3}.Release|x64.ActiveCfg = Release|Any CPU
		{5B5A8701-DD36-4F40-909D-8A7DD1AFB7B3}.Release|x64.Build.0 = Release|Any CPU
		{5B5A8701-DD36-4F40-909D-8A7DD1AFB7B3}.Release|x86.ActiveCfg = Release|Any CPU
		{5B5A8701-DD36-4F40-909D-8A7DD1AFB7B3}.Release|x86.Build.0 = Release|Any CPU
		{9A31372D-8455-49E6-A673-633787C7A9F0}.Debug|Any CPU.ActiveCfg = Debug|Any CPU
		{9A31372D-8455-49E6-A673-633787C7A9F0}.Debug|Any CPU.Build.0 = Debug|Any CPU
		{9A31372D-8455-49E6-A673-633787C7A9F0}.Debug|x64.ActiveCfg = Debug|Any CPU
		{9A31372D-8455-49E6-A673-633787C7A9F0}.Debug|x64.Build.0 = Debug|Any CPU
		{9A31372D-8455-49E6-A673-633787C7A9F0}.Debug|x86.ActiveCfg = Debug|Any CPU
		{9A31372D-8455-49E6-A673-633787C7A9F0}.Debug|x86.Build.0 = Debug|Any CPU
		{9A31372D-8455-49E6-A673-633787C7A9F0}.Release|Any CPU.ActiveCfg = Release|Any CPU
		{9A31372D-8455-49E6-A673-633787C7A9F0}.Release|Any CPU.Build.0 = Release|Any CPU
		{9A31372D-8455-49E6-A673-633787C7A9F0}.Release|x64.ActiveCfg = Release|Any CPU
		{9A31372D-8455-49E6-A673-633787C7A9F0}.Release|x64.Build.0 = Release|Any CPU
		{9A31372D-8455-49E6-A673-633787C7A9F0}.Release|x86.ActiveCfg = Release|Any CPU
		{9A31372D-8455-49E6-A673-633787C7A9F0}.Release|x86.Build.0 = Release|Any CPU
		{FC30E1EB-AA43-475E-8C86-918CA7FBCBF8}.Debug|Any CPU.ActiveCfg = Debug|Any CPU
		{FC30E1EB-AA43-475E-8C86-918CA7FBCBF8}.Debug|Any CPU.Build.0 = Debug|Any CPU
		{FC30E1EB-AA43-475E-8C86-918CA7FBCBF8}.Debug|x64.ActiveCfg = Debug|Any CPU
		{FC30E1EB-AA43-475E-8C86-918CA7FBCBF8}.Debug|x64.Build.0 = Debug|Any CPU
		{FC30E1EB-AA43-475E-8C86-918CA7FBCBF8}.Debug|x86.ActiveCfg = Debug|Any CPU
		{FC30E1EB-AA43-475E-8C86-918CA7FBCBF8}.Debug|x86.Build.0 = Debug|Any CPU
		{FC30E1EB-AA43-475E-8C86-918CA7FBCBF8}.Release|Any CPU.ActiveCfg = Release|Any CPU
		{FC30E1EB-AA43-475E-8C86-918CA7FBCBF8}.Release|Any CPU.Build.0 = Release|Any CPU
		{FC30E1EB-AA43-475E-8C86-918CA7FBCBF8}.Release|x64.ActiveCfg = Release|Any CPU
		{FC30E1EB-AA43-475E-8C86-918CA7FBCBF8}.Release|x64.Build.0 = Release|Any CPU
		{FC30E1EB-AA43-475E-8C86-918CA7FBCBF8}.Release|x86.ActiveCfg = Release|Any CPU
		{FC30E1EB-AA43-475E-8C86-918CA7FBCBF8}.Release|x86.Build.0 = Release|Any CPU
		{9A13BB99-0300-448F-9DC0-63CF705BD224}.Debug|Any CPU.ActiveCfg = Debug|Any CPU
		{9A13BB99-0300-448F-9DC0-63CF705BD224}.Debug|Any CPU.Build.0 = Debug|Any CPU
		{9A13BB99-0300-448F-9DC0-63CF705BD224}.Debug|x64.ActiveCfg = Debug|Any CPU
		{9A13BB99-0300-448F-9DC0-63CF705BD224}.Debug|x64.Build.0 = Debug|Any CPU
		{9A13BB99-0300-448F-9DC0-63CF705BD224}.Debug|x86.ActiveCfg = Debug|Any CPU
		{9A13BB99-0300-448F-9DC0-63CF705BD224}.Debug|x86.Build.0 = Debug|Any CPU
		{9A13BB99-0300-448F-9DC0-63CF705BD224}.Release|Any CPU.ActiveCfg = Release|Any CPU
		{9A13BB99-0300-448F-9DC0-63CF705BD224}.Release|Any CPU.Build.0 = Release|Any CPU
		{9A13BB99-0300-448F-9DC0-63CF705BD224}.Release|x64.ActiveCfg = Release|Any CPU
		{9A13BB99-0300-448F-9DC0-63CF705BD224}.Release|x64.Build.0 = Release|Any CPU
		{9A13BB99-0300-448F-9DC0-63CF705BD224}.Release|x86.ActiveCfg = Release|Any CPU
		{9A13BB99-0300-448F-9DC0-63CF705BD224}.Release|x86.Build.0 = Release|Any CPU
		{24CD7AAD-B422-4E72-BA6B-CDA2A674AAF4}.Debug|Any CPU.ActiveCfg = Debug|Any CPU
		{24CD7AAD-B422-4E72-BA6B-CDA2A674AAF4}.Debug|Any CPU.Build.0 = Debug|Any CPU
		{24CD7AAD-B422-4E72-BA6B-CDA2A674AAF4}.Debug|x64.ActiveCfg = Debug|Any CPU
		{24CD7AAD-B422-4E72-BA6B-CDA2A674AAF4}.Debug|x64.Build.0 = Debug|Any CPU
		{24CD7AAD-B422-4E72-BA6B-CDA2A674AAF4}.Debug|x86.ActiveCfg = Debug|Any CPU
		{24CD7AAD-B422-4E72-BA6B-CDA2A674AAF4}.Debug|x86.Build.0 = Debug|Any CPU
		{24CD7AAD-B422-4E72-BA6B-CDA2A674AAF4}.Release|Any CPU.ActiveCfg = Release|Any CPU
		{24CD7AAD-B422-4E72-BA6B-CDA2A674AAF4}.Release|Any CPU.Build.0 = Release|Any CPU
		{24CD7AAD-B422-4E72-BA6B-CDA2A674AAF4}.Release|x64.ActiveCfg = Release|Any CPU
		{24CD7AAD-B422-4E72-BA6B-CDA2A674AAF4}.Release|x64.Build.0 = Release|Any CPU
		{24CD7AAD-B422-4E72-BA6B-CDA2A674AAF4}.Release|x86.ActiveCfg = Release|Any CPU
		{24CD7AAD-B422-4E72-BA6B-CDA2A674AAF4}.Release|x86.Build.0 = Release|Any CPU
		{15DE0BB5-C431-4591-B070-08F6105456F3}.Debug|Any CPU.ActiveCfg = Debug|Any CPU
		{15DE0BB5-C431-4591-B070-08F6105456F3}.Debug|Any CPU.Build.0 = Debug|Any CPU
		{15DE0BB5-C431-4591-B070-08F6105456F3}.Debug|x64.ActiveCfg = Debug|Any CPU
		{15DE0BB5-C431-4591-B070-08F6105456F3}.Debug|x64.Build.0 = Debug|Any CPU
		{15DE0BB5-C431-4591-B070-08F6105456F3}.Debug|x86.ActiveCfg = Debug|Any CPU
		{15DE0BB5-C431-4591-B070-08F6105456F3}.Debug|x86.Build.0 = Debug|Any CPU
		{15DE0BB5-C431-4591-B070-08F6105456F3}.Release|Any CPU.ActiveCfg = Release|Any CPU
		{15DE0BB5-C431-4591-B070-08F6105456F3}.Release|Any CPU.Build.0 = Release|Any CPU
		{15DE0BB5-C431-4591-B070-08F6105456F3}.Release|x64.ActiveCfg = Release|Any CPU
		{15DE0BB5-C431-4591-B070-08F6105456F3}.Release|x64.Build.0 = Release|Any CPU
		{15DE0BB5-C431-4591-B070-08F6105456F3}.Release|x86.ActiveCfg = Release|Any CPU
		{15DE0BB5-C431-4591-B070-08F6105456F3}.Release|x86.Build.0 = Release|Any CPU
		{DC25B4A4-E573-4CE8-8557-A4CAFF0DC366}.Debug|Any CPU.ActiveCfg = Debug|Any CPU
		{DC25B4A4-E573-4CE8-8557-A4CAFF0DC366}.Debug|Any CPU.Build.0 = Debug|Any CPU
		{DC25B4A4-E573-4CE8-8557-A4CAFF0DC366}.Debug|x64.ActiveCfg = Debug|Any CPU
		{DC25B4A4-E573-4CE8-8557-A4CAFF0DC366}.Debug|x64.Build.0 = Debug|Any CPU
		{DC25B4A4-E573-4CE8-8557-A4CAFF0DC366}.Debug|x86.ActiveCfg = Debug|Any CPU
		{DC25B4A4-E573-4CE8-8557-A4CAFF0DC366}.Debug|x86.Build.0 = Debug|Any CPU
		{DC25B4A4-E573-4CE8-8557-A4CAFF0DC366}.Release|Any CPU.ActiveCfg = Release|Any CPU
		{DC25B4A4-E573-4CE8-8557-A4CAFF0DC366}.Release|Any CPU.Build.0 = Release|Any CPU
		{DC25B4A4-E573-4CE8-8557-A4CAFF0DC366}.Release|x64.ActiveCfg = Release|Any CPU
		{DC25B4A4-E573-4CE8-8557-A4CAFF0DC366}.Release|x64.Build.0 = Release|Any CPU
		{DC25B4A4-E573-4CE8-8557-A4CAFF0DC366}.Release|x86.ActiveCfg = Release|Any CPU
		{DC25B4A4-E573-4CE8-8557-A4CAFF0DC366}.Release|x86.Build.0 = Release|Any CPU
		{0FE715E6-4FA8-426B-99D8-9B398A8EA779}.Debug|Any CPU.ActiveCfg = Debug|Any CPU
		{0FE715E6-4FA8-426B-99D8-9B398A8EA779}.Debug|Any CPU.Build.0 = Debug|Any CPU
		{0FE715E6-4FA8-426B-99D8-9B398A8EA779}.Debug|x64.ActiveCfg = Debug|Any CPU
		{0FE715E6-4FA8-426B-99D8-9B398A8EA779}.Debug|x64.Build.0 = Debug|Any CPU
		{0FE715E6-4FA8-426B-99D8-9B398A8EA779}.Debug|x86.ActiveCfg = Debug|Any CPU
		{0FE715E6-4FA8-426B-99D8-9B398A8EA779}.Debug|x86.Build.0 = Debug|Any CPU
		{0FE715E6-4FA8-426B-99D8-9B398A8EA779}.Release|Any CPU.ActiveCfg = Release|Any CPU
		{0FE715E6-4FA8-426B-99D8-9B398A8EA779}.Release|Any CPU.Build.0 = Release|Any CPU
		{0FE715E6-4FA8-426B-99D8-9B398A8EA779}.Release|x64.ActiveCfg = Release|Any CPU
		{0FE715E6-4FA8-426B-99D8-9B398A8EA779}.Release|x64.Build.0 = Release|Any CPU
		{0FE715E6-4FA8-426B-99D8-9B398A8EA779}.Release|x86.ActiveCfg = Release|Any CPU
		{0FE715E6-4FA8-426B-99D8-9B398A8EA779}.Release|x86.Build.0 = Release|Any CPU
	EndGlobalSection
	GlobalSection(SolutionProperties) = preSolution
		HideSolutionNode = FALSE
	EndGlobalSection
	GlobalSection(NestedProjects) = preSolution
		{AE612F4B-88D6-4E5D-99EF-D9654F6953D8} = {827E0CD3-B72D-47B6-A68D-7590B98EB39B}
		{CD86E625-0C05-4F64-9147-E39BF4CDE74A} = {827E0CD3-B72D-47B6-A68D-7590B98EB39B}
		{5B5A8701-DD36-4F40-909D-8A7DD1AFB7B3} = {827E0CD3-B72D-47B6-A68D-7590B98EB39B}
		{9A31372D-8455-49E6-A673-633787C7A9F0} = {827E0CD3-B72D-47B6-A68D-7590B98EB39B}
		{FC30E1EB-AA43-475E-8C86-918CA7FBCBF8} = {827E0CD3-B72D-47B6-A68D-7590B98EB39B}
		{9A13BB99-0300-448F-9DC0-63CF705BD224} = {0AB3BF05-4346-4AA6-1389-037BE0695223}
		{24CD7AAD-B422-4E72-BA6B-CDA2A674AAF4} = {0AB3BF05-4346-4AA6-1389-037BE0695223}
		{15DE0BB5-C431-4591-B070-08F6105456F3} = {0AB3BF05-4346-4AA6-1389-037BE0695223}
		{DC25B4A4-E573-4CE8-8557-A4CAFF0DC366} = {0AB3BF05-4346-4AA6-1389-037BE0695223}
		{0FE715E6-4FA8-426B-99D8-9B398A8EA779} = {0AB3BF05-4346-4AA6-1389-037BE0695223}
	EndGlobalSection
EndGlobal
